
Microsoft Visual Studio Solution File, Format Version 12.00
# Visual Studio Version 16
VisualStudioVersion = 16.0.30621.155
MinimumVisualStudioVersion = 10.0.40219.1
Project("{FAE04EC0-301F-11D3-BF4B-00C04F79EFBC}") = "Test", "Test\Test.csproj", "{B47A3883-08E0-4C7A-8BE0-C4BA3C713647}"
EndProject
Project("{FAE04EC0-301F-11D3-BF4B-00C04F79EFBC}") = "UniTestTP4", "UniTestTP4\UniTestTP4.csproj", "{40F895C5-84F9-4C2A-BA50-23325333D15A}"
EndProject
Project("{FAE04EC0-301F-11D3-BF4B-00C04F79EFBC}") = "Entidades", "Entidades\Entidades.csproj", "{3C9B0499-3C36-4C7E-832C-6FB1489441AD}"
EndProject
Project("{FAE04EC0-301F-11D3-BF4B-00C04F79EFBC}") = "Formularios", "FormVentas\Formularios.csproj", "{C068CCB4-9CAA-4270-9A89-F550A155E177}"
EndProject
Project("{FAE04EC0-301F-11D3-BF4B-00C04F79EFBC}") = "Excepciones", "Excepciones\Excepciones.csproj", "{CEEA95F5-D1F2-49F1-BC02-65C7C23ED9EA}"
EndProject
Global
	GlobalSection(SolutionConfigurationPlatforms) = preSolution
		Debug|Any CPU = Debug|Any CPU
		Release|Any CPU = Release|Any CPU
	EndGlobalSection
	GlobalSection(ProjectConfigurationPlatforms) = postSolution
		{B47A3883-08E0-4C7A-8BE0-C4BA3C713647}.Debug|Any CPU.ActiveCfg = Debug|Any CPU
		{B47A3883-08E0-4C7A-8BE0-C4BA3C713647}.Debug|Any CPU.Build.0 = Debug|Any CPU
		{B47A3883-08E0-4C7A-8BE0-C4BA3C713647}.Release|Any CPU.ActiveCfg = Release|Any CPU
		{B47A3883-08E0-4C7A-8BE0-C4BA3C713647}.Release|Any CPU.Build.0 = Release|Any CPU
		{40F895C5-84F9-4C2A-BA50-23325333D15A}.Debug|Any CPU.ActiveCfg = Debug|Any CPU
		{40F895C5-84F9-4C2A-BA50-23325333D15A}.Debug|Any CPU.Build.0 = Debug|Any CPU
		{40F895C5-84F9-4C2A-BA50-23325333D15A}.Release|Any CPU.ActiveCfg = Release|Any CPU
		{40F895C5-84F9-4C2A-BA50-23325333D15A}.Release|Any CPU.Build.0 = Release|Any CPU
		{3C9B0499-3C36-4C7E-832C-6FB1489441AD}.Debug|Any CPU.ActiveCfg = Debug|Any CPU
		{3C9B0499-3C36-4C7E-832C-6FB1489441AD}.Debug|Any CPU.Build.0 = Debug|Any CPU
		{3C9B0499-3C36-4C7E-832C-6FB1489441AD}.Release|Any CPU.ActiveCfg = Release|Any CPU
		{3C9B0499-3C36-4C7E-832C-6FB1489441AD}.Release|Any CPU.Build.0 = Release|Any CPU
		{C068CCB4-9CAA-4270-9A89-F550A155E177}.Debug|Any CPU.ActiveCfg = Debug|Any CPU
		{C068CCB4-9CAA-4270-9A89-F550A155E177}.Debug|Any CPU.Build.0 = Debug|Any CPU
		{C068CCB4-9CAA-4270-9A89-F550A155E177}.Release|Any CPU.ActiveCfg = Release|Any CPU
		{C068CCB4-9CAA-4270-9A89-F550A155E177}.Release|Any CPU.Build.0 = Release|Any CPU
		{CEEA95F5-D1F2-49F1-BC02-65C7C23ED9EA}.Debug|Any CPU.ActiveCfg = Debug|Any CPU
		{CEEA95F5-D1F2-49F1-BC02-65C7C23ED9EA}.Debug|Any CPU.Build.0 = Debug|Any CPU
		{CEEA95F5-D1F2-49F1-BC02-65C7C23ED9EA}.Release|Any CPU.ActiveCfg = Release|Any CPU
		{CEEA95F5-D1F2-49F1-BC02-65C7C23ED9EA}.Release|Any CPU.Build.0 = Release|Any CPU
	EndGlobalSection
	GlobalSection(SolutionProperties) = preSolution
		HideSolutionNode = FALSE
	EndGlobalSection
	GlobalSection(ExtensibilityGlobals) = postSolution
		SolutionGuid = {B49D2FA7-14B5-4079-96A2-9B3EFF2EFA8A}
	EndGlobalSection
EndGlobal
