
Microsoft Visual Studio Solution File, Format Version 12.00
# Visual Studio Version 16
VisualStudioVersion = 16.0.31624.102
MinimumVisualStudioVersion = 10.0.40219.1
Project("{9A19103F-16F7-4668-BE54-9A1E7A4F7556}") = "MiCalculadora", "TP1\MiCalculadora.csproj", "{A7E9086C-2860-47EC-B228-2A8D991687D7}"
EndProject
Project("{9A19103F-16F7-4668-BE54-9A1E7A4F7556}") = "Entidades", "Entidades\Entidades.csproj", "{541BB5DB-1FFA-4213-9B6D-52DE526B374E}"
EndProject
Global
	GlobalSection(SolutionConfigurationPlatforms) = preSolution
		Debug|Any CPU = Debug|Any CPU
		Release|Any CPU = Release|Any CPU
	EndGlobalSection
	GlobalSection(ProjectConfigurationPlatforms) = postSolution
		{A7E9086C-2860-47EC-B228-2A8D991687D7}.Debug|Any CPU.ActiveCfg = Debug|Any CPU
		{A7E9086C-2860-47EC-B228-2A8D991687D7}.Debug|Any CPU.Build.0 = Debug|Any CPU
		{A7E9086C-2860-47EC-B228-2A8D991687D7}.Release|Any CPU.ActiveCfg = Release|Any CPU
		{A7E9086C-2860-47EC-B228-2A8D991687D7}.Release|Any CPU.Build.0 = Release|Any CPU
		{541BB5DB-1FFA-4213-9B6D-52DE526B374E}.Debug|Any CPU.ActiveCfg = Debug|Any CPU
		{541BB5DB-1FFA-4213-9B6D-52DE526B374E}.Debug|Any CPU.Build.0 = Debug|Any CPU
		{541BB5DB-1FFA-4213-9B6D-52DE526B374E}.Release|Any CPU.ActiveCfg = Release|Any CPU
		{541BB5DB-1FFA-4213-9B6D-52DE526B374E}.Release|Any CPU.Build.0 = Release|Any CPU
	EndGlobalSection
	GlobalSection(SolutionProperties) = preSolution
		HideSolutionNode = FALSE
	EndGlobalSection
	GlobalSection(ExtensibilityGlobals) = postSolution
		SolutionGuid = {4B7FFCB8-FBDA-46DB-A1B4-CE35AED9FA14}
	EndGlobalSection
EndGlobal
