
Microsoft Visual Studio Solution File, Format Version 12.00
# Visual Studio Version 16
VisualStudioVersion = 16.0.30413.136
MinimumVisualStudioVersion = 10.0.40219.1
Project("{FAE04EC0-301F-11D3-BF4B-00C04F79EFBC}") = "Entidades", "Entidades\Entidades.csproj", "{52823704-4651-422B-A0B4-208301EE615B}"
EndProject
Project("{FAE04EC0-301F-11D3-BF4B-00C04F79EFBC}") = "MiCalculadora", "MiCalculadora\MiCalculadora.csproj", "{5423783B-8F7E-49FB-B308-DB586336439F}"
EndProject
Global
	GlobalSection(SolutionConfigurationPlatforms) = preSolution
		Debug|Any CPU = Debug|Any CPU
		Release|Any CPU = Release|Any CPU
	EndGlobalSection
	GlobalSection(ProjectConfigurationPlatforms) = postSolution
		{52823704-4651-422B-A0B4-208301EE615B}.Debug|Any CPU.ActiveCfg = Debug|Any CPU
		{52823704-4651-422B-A0B4-208301EE615B}.Debug|Any CPU.Build.0 = Debug|Any CPU
		{52823704-4651-422B-A0B4-208301EE615B}.Release|Any CPU.ActiveCfg = Release|Any CPU
		{52823704-4651-422B-A0B4-208301EE615B}.Release|Any CPU.Build.0 = Release|Any CPU
		{5423783B-8F7E-49FB-B308-DB586336439F}.Debug|Any CPU.ActiveCfg = Debug|Any CPU
		{5423783B-8F7E-49FB-B308-DB586336439F}.Debug|Any CPU.Build.0 = Debug|Any CPU
		{5423783B-8F7E-49FB-B308-DB586336439F}.Release|Any CPU.ActiveCfg = Release|Any CPU
		{5423783B-8F7E-49FB-B308-DB586336439F}.Release|Any CPU.Build.0 = Release|Any CPU
	EndGlobalSection
	GlobalSection(SolutionProperties) = preSolution
		HideSolutionNode = FALSE
	EndGlobalSection
	GlobalSection(ExtensibilityGlobals) = postSolution
		SolutionGuid = {CF395A5E-9316-472C-A175-D55924F581E5}
	EndGlobalSection
EndGlobal
